// !$*UTF8*$!
{
	archiveVersion = 1;
	classes = {
	};
	objectVersion = 55;
	objects = {

/* Begin PBXBuildFile section */
		943A4AE0295A5962000C8DE3 /* AppDelegate.swift in Sources */ = {isa = PBXBuildFile; fileRef = 943A4ADF295A5962000C8DE3 /* AppDelegate.swift */; };
		943A4AE2295A5962000C8DE3 /* SceneDelegate.swift in Sources */ = {isa = PBXBuildFile; fileRef = 943A4AE1295A5962000C8DE3 /* SceneDelegate.swift */; };
		943A4AE4295A5962000C8DE3 /* ViewController.swift in Sources */ = {isa = PBXBuildFile; fileRef = 943A4AE3295A5962000C8DE3 /* ViewController.swift */; };
		943A4AE7295A5962000C8DE3 /* Main.storyboard in Resources */ = {isa = PBXBuildFile; fileRef = 943A4AE5295A5962000C8DE3 /* Main.storyboard */; };
		943A4AEA295A5962000C8DE3 /* Notes.xcdatamodeld in Sources */ = {isa = PBXBuildFile; fileRef = 943A4AE8295A5962000C8DE3 /* Notes.xcdatamodeld */; };
		943A4AEC295A5964000C8DE3 /* Assets.xcassets in Resources */ = {isa = PBXBuildFile; fileRef = 943A4AEB295A5964000C8DE3 /* Assets.xcassets */; };
		943A4AEF295A5964000C8DE3 /* LaunchScreen.storyboard in Resources */ = {isa = PBXBuildFile; fileRef = 943A4AED295A5964000C8DE3 /* LaunchScreen.storyboard */; };
		943A4AF9295A5A6F000C8DE3 /* MainTableViewCell.swift in Sources */ = {isa = PBXBuildFile; fileRef = 943A4AF8295A5A6F000C8DE3 /* MainTableViewCell.swift */; };
		943A4AFB295AF240000C8DE3 /* Note.swift in Sources */ = {isa = PBXBuildFile; fileRef = 943A4AFA295AF240000C8DE3 /* Note.swift */; };
		943A4AFD295BBFFB000C8DE3 /* NoteViewController.swift in Sources */ = {isa = PBXBuildFile; fileRef = 943A4AFC295BBFFB000C8DE3 /* NoteViewController.swift */; };
		943A4B06295C9C70000C8DE3 /* ViewController+extensions.swift in Sources */ = {isa = PBXBuildFile; fileRef = 943A4B05295C9C70000C8DE3 /* ViewController+extensions.swift */; };
		943A4B08295C9CF9000C8DE3 /* NoteViewController+extensions.swift in Sources */ = {isa = PBXBuildFile; fileRef = 943A4B07295C9CF9000C8DE3 /* NoteViewController+extensions.swift */; };
/* End PBXBuildFile section */

/* Begin PBXFileReference section */
		943A4ADC295A5962000C8DE3 /* Notes.app */ = {isa = PBXFileReference; explicitFileType = wrapper.application; includeInIndex = 0; path = Notes.app; sourceTree = BUILT_PRODUCTS_DIR; };
		943A4ADF295A5962000C8DE3 /* AppDelegate.swift */ = {isa = PBXFileReference; lastKnownFileType = sourcecode.swift; path = AppDelegate.swift; sourceTree = "<group>"; };
		943A4AE1295A5962000C8DE3 /* SceneDelegate.swift */ = {isa = PBXFileReference; lastKnownFileType = sourcecode.swift; path = SceneDelegate.swift; sourceTree = "<group>"; };
		943A4AE3295A5962000C8DE3 /* ViewController.swift */ = {isa = PBXFileReference; lastKnownFileType = sourcecode.swift; path = ViewController.swift; sourceTree = "<group>"; };
		943A4AE6295A5962000C8DE3 /* Base */ = {isa = PBXFileReference; lastKnownFileType = file.storyboard; name = Base; path = Base.lproj/Main.storyboard; sourceTree = "<group>"; };
		943A4AE9295A5962000C8DE3 /* Notes.xcdatamodel */ = {isa = PBXFileReference; lastKnownFileType = wrapper.xcdatamodel; path = Notes.xcdatamodel; sourceTree = "<group>"; };
		943A4AEB295A5964000C8DE3 /* Assets.xcassets */ = {isa = PBXFileReference; lastKnownFileType = folder.assetcatalog; path = Assets.xcassets; sourceTree = "<group>"; };
		943A4AEE295A5964000C8DE3 /* Base */ = {isa = PBXFileReference; lastKnownFileType = file.storyboard; name = Base; path = Base.lproj/LaunchScreen.storyboard; sourceTree = "<group>"; };
		943A4AF0295A5964000C8DE3 /* Info.plist */ = {isa = PBXFileReference; lastKnownFileType = text.plist.xml; path = Info.plist; sourceTree = "<group>"; };
		943A4AF8295A5A6F000C8DE3 /* MainTableViewCell.swift */ = {isa = PBXFileReference; lastKnownFileType = sourcecode.swift; path = MainTableViewCell.swift; sourceTree = "<group>"; };
		943A4AFA295AF240000C8DE3 /* Note.swift */ = {isa = PBXFileReference; lastKnownFileType = sourcecode.swift; path = Note.swift; sourceTree = "<group>"; };
		943A4AFC295BBFFB000C8DE3 /* NoteViewController.swift */ = {isa = PBXFileReference; lastKnownFileType = sourcecode.swift; path = NoteViewController.swift; sourceTree = "<group>"; };
		943A4B05295C9C70000C8DE3 /* ViewController+extensions.swift */ = {isa = PBXFileReference; lastKnownFileType = sourcecode.swift; path = "ViewController+extensions.swift"; sourceTree = "<group>"; };
		943A4B07295C9CF9000C8DE3 /* NoteViewController+extensions.swift */ = {isa = PBXFileReference; lastKnownFileType = sourcecode.swift; path = "NoteViewController+extensions.swift"; sourceTree = "<group>"; };
/* End PBXFileReference section */

/* Begin PBXFrameworksBuildPhase section */
		943A4AD9295A5962000C8DE3 /* Frameworks */ = {
			isa = PBXFrameworksBuildPhase;
			buildActionMask = 2147483647;
			files = (
			);
			runOnlyForDeploymentPostprocessing = 0;
		};
/* End PBXFrameworksBuildPhase section */

/* Begin PBXGroup section */
		943A4AD3295A5961000C8DE3 = {
			isa = PBXGroup;
			children = (
				943A4ADE295A5962000C8DE3 /* Notes */,
				943A4ADD295A5962000C8DE3 /* Products */,
			);
			sourceTree = "<group>";
		};
		943A4ADD295A5962000C8DE3 /* Products */ = {
			isa = PBXGroup;
			children = (
				943A4ADC295A5962000C8DE3 /* Notes.app */,
			);
			name = Products;
			sourceTree = "<group>";
		};
		943A4ADE295A5962000C8DE3 /* Notes */ = {
			isa = PBXGroup;
			children = (
				943A4B04295C9C40000C8DE3 /* Cells */,
				943A4B03295C9C34000C8DE3 /* Extensions */,
				943A4B02295C9C1E000C8DE3 /* Classes */,
				943A4B01295C9C14000C8DE3 /* ViewControllers */,
				943A4AFE295C9BE5000C8DE3 /* App */,
				943A4AE5295A5962000C8DE3 /* Main.storyboard */,
				943A4AEB295A5964000C8DE3 /* Assets.xcassets */,
				943A4AED295A5964000C8DE3 /* LaunchScreen.storyboard */,
				943A4AF0295A5964000C8DE3 /* Info.plist */,
				943A4AE8295A5962000C8DE3 /* Notes.xcdatamodeld */,
			);
			path = Notes;
			sourceTree = "<group>";
		};
		943A4AFE295C9BE5000C8DE3 /* App */ = {
			isa = PBXGroup;
			children = (
				943A4ADF295A5962000C8DE3 /* AppDelegate.swift */,
				943A4AE1295A5962000C8DE3 /* SceneDelegate.swift */,
			);
			path = App;
			sourceTree = "<group>";
		};
		943A4B01295C9C14000C8DE3 /* ViewControllers */ = {
			isa = PBXGroup;
			children = (
				943A4AE3295A5962000C8DE3 /* ViewController.swift */,
				943A4AFC295BBFFB000C8DE3 /* NoteViewController.swift */,
			);
			path = ViewControllers;
			sourceTree = "<group>";
		};
		943A4B02295C9C1E000C8DE3 /* Classes */ = {
			isa = PBXGroup;
			children = (
				943A4AFA295AF240000C8DE3 /* Note.swift */,
			);
			path = Classes;
			sourceTree = "<group>";
		};
		943A4B03295C9C34000C8DE3 /* Extensions */ = {
			isa = PBXGroup;
			children = (
				943A4B05295C9C70000C8DE3 /* ViewController+extensions.swift */,
				943A4B07295C9CF9000C8DE3 /* NoteViewController+extensions.swift */,
			);
			path = Extensions;
			sourceTree = "<group>";
		};
		943A4B04295C9C40000C8DE3 /* Cells */ = {
			isa = PBXGroup;
			children = (
				943A4AF8295A5A6F000C8DE3 /* MainTableViewCell.swift */,
			);
			path = Cells;
			sourceTree = "<group>";
		};
/* End PBXGroup section */

/* Begin PBXNativeTarget section */
		943A4ADB295A5962000C8DE3 /* Notes */ = {
			isa = PBXNativeTarget;
			buildConfigurationList = 943A4AF3295A5964000C8DE3 /* Build configuration list for PBXNativeTarget "Notes" */;
			buildPhases = (
				943A4AD8295A5962000C8DE3 /* Sources */,
				943A4AD9295A5962000C8DE3 /* Frameworks */,
				943A4ADA295A5962000C8DE3 /* Resources */,
			);
			buildRules = (
			);
			dependencies = (
			);
			name = Notes;
			productName = Notes;
			productReference = 943A4ADC295A5962000C8DE3 /* Notes.app */;
			productType = "com.apple.product-type.application";
		};
/* End PBXNativeTarget section */

/* Begin PBXProject section */
		943A4AD4295A5961000C8DE3 /* Project object */ = {
			isa = PBXProject;
			attributes = {
				BuildIndependentTargetsInParallel = 1;
				LastSwiftUpdateCheck = 1320;
				LastUpgradeCheck = 1320;
				TargetAttributes = {
					943A4ADB295A5962000C8DE3 = {
						CreatedOnToolsVersion = 13.2.1;
					};
				};
			};
			buildConfigurationList = 943A4AD7295A5961000C8DE3 /* Build configuration list for PBXProject "Notes" */;
			compatibilityVersion = "Xcode 13.0";
			developmentRegion = en;
			hasScannedForEncodings = 0;
			knownRegions = (
				en,
				Base,
			);
			mainGroup = 943A4AD3295A5961000C8DE3;
			productRefGroup = 943A4ADD295A5962000C8DE3 /* Products */;
			projectDirPath = "";
			projectRoot = "";
			targets = (
				943A4ADB295A5962000C8DE3 /* Notes */,
			);
		};
/* End PBXProject section */

/* Begin PBXResourcesBuildPhase section */
		943A4ADA295A5962000C8DE3 /* Resources */ = {
			isa = PBXResourcesBuildPhase;
			buildActionMask = 2147483647;
			files = (
				943A4AEF295A5964000C8DE3 /* LaunchScreen.storyboard in Resources */,
				943A4AEC295A5964000C8DE3 /* Assets.xcassets in Resources */,
				943A4AE7295A5962000C8DE3 /* Main.storyboard in Resources */,
			);
			runOnlyForDeploymentPostprocessing = 0;
		};
/* End PBXResourcesBuildPhase section */

/* Begin PBXSourcesBuildPhase section */
		943A4AD8295A5962000C8DE3 /* Sources */ = {
			isa = PBXSourcesBuildPhase;
			buildActionMask = 2147483647;
			files = (
				943A4AFD295BBFFB000C8DE3 /* NoteViewController.swift in Sources */,
				943A4AE4295A5962000C8DE3 /* ViewController.swift in Sources */,
				943A4AE0295A5962000C8DE3 /* AppDelegate.swift in Sources */,
				943A4AE2295A5962000C8DE3 /* SceneDelegate.swift in Sources */,
				943A4B06295C9C70000C8DE3 /* ViewController+extensions.swift in Sources */,
				943A4AEA295A5962000C8DE3 /* Notes.xcdatamodeld in Sources */,
				943A4AF9295A5A6F000C8DE3 /* MainTableViewCell.swift in Sources */,
				943A4B08295C9CF9000C8DE3 /* NoteViewController+extensions.swift in Sources */,
				943A4AFB295AF240000C8DE3 /* Note.swift in Sources */,
			);
			runOnlyForDeploymentPostprocessing = 0;
		};
/* End PBXSourcesBuildPhase section */

/* Begin PBXVariantGroup section */
		943A4AE5295A5962000C8DE3 /* Main.storyboard */ = {
			isa = PBXVariantGroup;
			children = (
				943A4AE6295A5962000C8DE3 /* Base */,
			);
			name = Main.storyboard;
			sourceTree = "<group>";
		};
		943A4AED295A5964000C8DE3 /* LaunchScreen.storyboard */ = {
			isa = PBXVariantGroup;
			children = (
				943A4AEE295A5964000C8DE3 /* Base */,
			);
			name = LaunchScreen.storyboard;
			sourceTree = "<group>";
		};
/* End PBXVariantGroup section */

/* Begin XCBuildConfiguration section */
		943A4AF1295A5964000C8DE3 /* Debug */ = {
			isa = XCBuildConfiguration;
			buildSettings = {
				ALWAYS_SEARCH_USER_PATHS = NO;
				CLANG_ANALYZER_NONNULL = YES;
				CLANG_ANALYZER_NUMBER_OBJECT_CONVERSION = YES_AGGRESSIVE;
				CLANG_CXX_LANGUAGE_STANDARD = "gnu++17";
				CLANG_CXX_LIBRARY = "libc++";
				CLANG_ENABLE_MODULES = YES;
				CLANG_ENABLE_OBJC_ARC = YES;
				CLANG_ENABLE_OBJC_WEAK = YES;
				CLANG_WARN_BLOCK_CAPTURE_AUTORELEASING = YES;
				CLANG_WARN_BOOL_CONVERSION = YES;
				CLANG_WARN_COMMA = YES;
				CLANG_WARN_CONSTANT_CONVERSION = YES;
				CLANG_WARN_DEPRECATED_OBJC_IMPLEMENTATIONS = YES;
				CLANG_WARN_DIRECT_OBJC_ISA_USAGE = YES_ERROR;
				CLANG_WARN_DOCUMENTATION_COMMENTS = YES;
				CLANG_WARN_EMPTY_BODY = YES;
				CLANG_WARN_ENUM_CONVERSION = YES;
				CLANG_WARN_INFINITE_RECURSION = YES;
				CLANG_WARN_INT_CONVERSION = YES;
				CLANG_WARN_NON_LITERAL_NULL_CONVERSION = YES;
				CLANG_WARN_OBJC_IMPLICIT_RETAIN_SELF = YES;
				CLANG_WARN_OBJC_LITERAL_CONVERSION = YES;
				CLANG_WARN_OBJC_ROOT_CLASS = YES_ERROR;
				CLANG_WARN_QUOTED_INCLUDE_IN_FRAMEWORK_HEADER = YES;
				CLANG_WARN_RANGE_LOOP_ANALYSIS = YES;
				CLANG_WARN_STRICT_PROTOTYPES = YES;
				CLANG_WARN_SUSPICIOUS_MOVE = YES;
				CLANG_WARN_UNGUARDED_AVAILABILITY = YES_AGGRESSIVE;
				CLANG_WARN_UNREACHABLE_CODE = YES;
				CLANG_WARN__DUPLICATE_METHOD_MATCH = YES;
				COPY_PHASE_STRIP = NO;
				DEBUG_INFORMATION_FORMAT = dwarf;
				ENABLE_STRICT_OBJC_MSGSEND = YES;
				ENABLE_TESTABILITY = YES;
				GCC_C_LANGUAGE_STANDARD = gnu11;
				GCC_DYNAMIC_NO_PIC = NO;
				GCC_NO_COMMON_BLOCKS = YES;
				GCC_OPTIMIZATION_LEVEL = 0;
				GCC_PREPROCESSOR_DEFINITIONS = (
					"DEBUG=1",
					"$(inherited)",
				);
				GCC_WARN_64_TO_32_BIT_CONVERSION = YES;
				GCC_WARN_ABOUT_RETURN_TYPE = YES_ERROR;
				GCC_WARN_UNDECLARED_SELECTOR = YES;
				GCC_WARN_UNINITIALIZED_AUTOS = YES_AGGRESSIVE;
				GCC_WARN_UNUSED_FUNCTION = YES;
				GCC_WARN_UNUSED_VARIABLE = YES;
				IPHONEOS_DEPLOYMENT_TARGET = 15.2;
				MTL_ENABLE_DEBUG_INFO = INCLUDE_SOURCE;
				MTL_FAST_MATH = YES;
				ONLY_ACTIVE_ARCH = YES;
				SDKROOT = iphoneos;
				SWIFT_ACTIVE_COMPILATION_CONDITIONS = DEBUG;
				SWIFT_OPTIMIZATION_LEVEL = "-Onone";
			};
			name = Debug;
		};
		943A4AF2295A5964000C8DE3 /* Release */ = {
			isa = XCBuildConfiguration;
			buildSettings = {
				ALWAYS_SEARCH_USER_PATHS = NO;
				CLANG_ANALYZER_NONNULL = YES;
				CLANG_ANALYZER_NUMBER_OBJECT_CONVERSION = YES_AGGRESSIVE;
				CLANG_CXX_LANGUAGE_STANDARD = "gnu++17";
				CLANG_CXX_LIBRARY = "libc++";
				CLANG_ENABLE_MODULES = YES;
				CLANG_ENABLE_OBJC_ARC = YES;
				CLANG_ENABLE_OBJC_WEAK = YES;
				CLANG_WARN_BLOCK_CAPTURE_AUTORELEASING = YES;
				CLANG_WARN_BOOL_CONVERSION = YES;
				CLANG_WARN_COMMA = YES;
				CLANG_WARN_CONSTANT_CONVERSION = YES;
				CLANG_WARN_DEPRECATED_OBJC_IMPLEMENTATIONS = YES;
				CLANG_WARN_DIRECT_OBJC_ISA_USAGE = YES_ERROR;
				CLANG_WARN_DOCUMENTATION_COMMENTS = YES;
				CLANG_WARN_EMPTY_BODY = YES;
				CLANG_WARN_ENUM_CONVERSION = YES;
				CLANG_WARN_INFINITE_RECURSION = YES;
				CLANG_WARN_INT_CONVERSION = YES;
				CLANG_WARN_NON_LITERAL_NULL_CONVERSION = YES;
				CLANG_WARN_OBJC_IMPLICIT_RETAIN_SELF = YES;
				CLANG_WARN_OBJC_LITERAL_CONVERSION = YES;
				CLANG_WARN_OBJC_ROOT_CLASS = YES_ERROR;
				CLANG_WARN_QUOTED_INCLUDE_IN_FRAMEWORK_HEADER = YES;
				CLANG_WARN_RANGE_LOOP_ANALYSIS = YES;
				CLANG_WARN_STRICT_PROTOTYPES = YES;
				CLANG_WARN_SUSPICIOUS_MOVE = YES;
				CLANG_WARN_UNGUARDED_AVAILABILITY = YES_AGGRESSIVE;
				CLANG_WARN_UNREACHABLE_CODE = YES;
				CLANG_WARN__DUPLICATE_METHOD_MATCH = YES;
				COPY_PHASE_STRIP = NO;
				DEBUG_INFORMATION_FORMAT = "dwarf-with-dsym";
				ENABLE_NS_ASSERTIONS = NO;
				ENABLE_STRICT_OBJC_MSGSEND = YES;
				GCC_C_LANGUAGE_STANDARD = gnu11;
				GCC_NO_COMMON_BLOCKS = YES;
				GCC_WARN_64_TO_32_BIT_CONVERSION = YES;
				GCC_WARN_ABOUT_RETURN_TYPE = YES_ERROR;
				GCC_WARN_UNDECLARED_SELECTOR = YES;
				GCC_WARN_UNINITIALIZED_AUTOS = YES_AGGRESSIVE;
				GCC_WARN_UNUSED_FUNCTION = YES;
				GCC_WARN_UNUSED_VARIABLE = YES;
				IPHONEOS_DEPLOYMENT_TARGET = 15.2;
				MTL_ENABLE_DEBUG_INFO = NO;
				MTL_FAST_MATH = YES;
				SDKROOT = iphoneos;
				SWIFT_COMPILATION_MODE = wholemodule;
				SWIFT_OPTIMIZATION_LEVEL = "-O";
				VALIDATE_PRODUCT = YES;
			};
			name = Release;
		};
		943A4AF4295A5964000C8DE3 /* Debug */ = {
			isa = XCBuildConfiguration;
			buildSettings = {
				ASSETCATALOG_COMPILER_APPICON_NAME = AppIcon;
				ASSETCATALOG_COMPILER_GLOBAL_ACCENT_COLOR_NAME = AccentColor;
				CODE_SIGN_STYLE = Automatic;
				CURRENT_PROJECT_VERSION = 1;
				DEVELOPMENT_TEAM = 239LZPHH4H;
				GENERATE_INFOPLIST_FILE = YES;
				INFOPLIST_FILE = Notes/Info.plist;
				INFOPLIST_KEY_UIApplicationSupportsIndirectInputEvents = YES;
				INFOPLIST_KEY_UILaunchStoryboardName = LaunchScreen;
				INFOPLIST_KEY_UIMainStoryboardFile = Main;
				INFOPLIST_KEY_UISupportedInterfaceOrientations_iPad = "UIInterfaceOrientationPortrait UIInterfaceOrientationPortraitUpsideDown UIInterfaceOrientationLandscapeLeft UIInterfaceOrientationLandscapeRight";
				INFOPLIST_KEY_UISupportedInterfaceOrientations_iPhone = "UIInterfaceOrientationPortrait UIInterfaceOrientationLandscapeLeft UIInterfaceOrientationLandscapeRight";
				LD_RUNPATH_SEARCH_PATHS = (
					"$(inherited)",
					"@executable_path/Frameworks",
				);
				MARKETING_VERSION = 1.0;
				PRODUCT_BUNDLE_IDENTIFIER = com.mBatrasov.Notes;
				PRODUCT_NAME = "$(TARGET_NAME)";
				SWIFT_EMIT_LOC_STRINGS = YES;
				SWIFT_VERSION = 5.0;
				TARGETED_DEVICE_FAMILY = "1,2";
			};
			name = Debug;
		};
		943A4AF5295A5964000C8DE3 /* Release */ = {
			isa = XCBuildConfiguration;
			buildSettings = {
				ASSETCATALOG_COMPILER_APPICON_NAME = AppIcon;
				ASSETCATALOG_COMPILER_GLOBAL_ACCENT_COLOR_NAME = AccentColor;
				CODE_SIGN_STYLE = Automatic;
				CURRENT_PROJECT_VERSION = 1;
				DEVELOPMENT_TEAM = 239LZPHH4H;
				GENERATE_INFOPLIST_FILE = YES;
				INFOPLIST_FILE = Notes/Info.plist;
				INFOPLIST_KEY_UIApplicationSupportsIndirectInputEvents = YES;
				INFOPLIST_KEY_UILaunchStoryboardName = LaunchScreen;
				INFOPLIST_KEY_UIMainStoryboardFile = Main;
				INFOPLIST_KEY_UISupportedInterfaceOrientations_iPad = "UIInterfaceOrientationPortrait UIInterfaceOrientationPortraitUpsideDown UIInterfaceOrientationLandscapeLeft UIInterfaceOrientationLandscapeRight";
				INFOPLIST_KEY_UISupportedInterfaceOrientations_iPhone = "UIInterfaceOrientationPortrait UIInterfaceOrientationLandscapeLeft UIInterfaceOrientationLandscapeRight";
				LD_RUNPATH_SEARCH_PATHS = (
					"$(inherited)",
					"@executable_path/Frameworks",
				);
				MARKETING_VERSION = 1.0;
				PRODUCT_BUNDLE_IDENTIFIER = com.mBatrasov.Notes;
				PRODUCT_NAME = "$(TARGET_NAME)";
				SWIFT_EMIT_LOC_STRINGS = YES;
				SWIFT_VERSION = 5.0;
				TARGETED_DEVICE_FAMILY = "1,2";
			};
			name = Release;
		};
/* End XCBuildConfiguration section */

/* Begin XCConfigurationList section */
		943A4AD7295A5961000C8DE3 /* Build configuration list for PBXProject "Notes" */ = {
			isa = XCConfigurationList;
			buildConfigurations = (
				943A4AF1295A5964000C8DE3 /* Debug */,
				943A4AF2295A5964000C8DE3 /* Release */,
			);
			defaultConfigurationIsVisible = 0;
			defaultConfigurationName = Release;
		};
		943A4AF3295A5964000C8DE3 /* Build configuration list for PBXNativeTarget "Notes" */ = {
			isa = XCConfigurationList;
			buildConfigurations = (
				943A4AF4295A5964000C8DE3 /* Debug */,
				943A4AF5295A5964000C8DE3 /* Release */,
			);
			defaultConfigurationIsVisible = 0;
			defaultConfigurationName = Release;
		};
/* End XCConfigurationList section */

/* Begin XCVersionGroup section */
		943A4AE8295A5962000C8DE3 /* Notes.xcdatamodeld */ = {
			isa = XCVersionGroup;
			children = (
				943A4AE9295A5962000C8DE3 /* Notes.xcdatamodel */,
			);
			currentVersion = 943A4AE9295A5962000C8DE3 /* Notes.xcdatamodel */;
			path = Notes.xcdatamodeld;
			sourceTree = "<group>";
			versionGroupType = wrapper.xcdatamodel;
		};
/* End XCVersionGroup section */
	};
	rootObject = 943A4AD4295A5961000C8DE3 /* Project object */;
}
